
Microsoft Visual Studio Solution File, Format Version 12.00
# Visual Studio Version 17
VisualStudioVersion = 17.9.34701.34
MinimumVisualStudioVersion = 10.0.40219.1
Project("{9A19103F-16F7-4668-BE54-9A1E7A4F7556}") = "ModbusTCPCore", "ModbusTCPCore.csproj", "{95C827D6-55E2-4E13-965B-D96E28F8181F}"
EndProject
Global
	GlobalSection(SolutionConfigurationPlatforms) = preSolution
		Debug|Any CPU = Debug|Any CPU
		Release|Any CPU = Release|Any CPU
	EndGlobalSection
	GlobalSection(ProjectConfigurationPlatforms) = postSolution
		{95C827D6-55E2-4E13-965B-D96E28F8181F}.Debug|Any CPU.ActiveCfg = Debug|Any CPU
		{95C827D6-55E2-4E13-965B-D96E28F8181F}.Debug|Any CPU.Build.0 = Debug|Any CPU
		{95C827D6-55E2-4E13-965B-D96E28F8181F}.Release|Any CPU.ActiveCfg = Release|Any CPU
		{95C827D6-55E2-4E13-965B-D96E28F8181F}.Release|Any CPU.Build.0 = Release|Any CPU
	EndGlobalSection
	GlobalSection(SolutionProperties) = preSolution
		HideSolutionNode = FALSE
	EndGlobalSection
	GlobalSection(ExtensibilityGlobals) = postSolution
		SolutionGuid = {FA8F1CE5-028B-47CB-8133-4F5CDC1AE7E6}
	EndGlobalSection
EndGlobal
