
Microsoft Visual Studio Solution File, Format Version 12.00
# Visual Studio Version 17
VisualStudioVersion = 17.5.002.0
MinimumVisualStudioVersion = 10.0.40219.1
Project("{9A19103F-16F7-4668-BE54-9A1E7A4F7556}") = "b4", "b4.csproj", "{A333AF00-8734-42A2-A217-7425BEC3501F}"
EndProject
Global
	GlobalSection(SolutionConfigurationPlatforms) = preSolution
		Debug|Any CPU = Debug|Any CPU
		Release|Any CPU = Release|Any CPU
	EndGlobalSection
	GlobalSection(ProjectConfigurationPlatforms) = postSolution
		{A333AF00-8734-42A2-A217-7425BEC3501F}.Debug|Any CPU.ActiveCfg = Debug|Any CPU
		{A333AF00-8734-42A2-A217-7425BEC3501F}.Debug|Any CPU.Build.0 = Debug|Any CPU
		{A333AF00-8734-42A2-A217-7425BEC3501F}.Release|Any CPU.ActiveCfg = Release|Any CPU
		{A333AF00-8734-42A2-A217-7425BEC3501F}.Release|Any CPU.Build.0 = Release|Any CPU
	EndGlobalSection
	GlobalSection(SolutionProperties) = preSolution
		HideSolutionNode = FALSE
	EndGlobalSection
	GlobalSection(ExtensibilityGlobals) = postSolution
		SolutionGuid = {B1105D08-F0FF-452F-80B8-B646DA6EFE82}
	EndGlobalSection
EndGlobal
